// !$*UTF8*$!
{
	archiveVersion = 1;
	classes = {
	};
	objectVersion = 77;
	objects = {

/* Begin PBXBuildFile section */
		A53A2BD12F76D54500D98101 /* ShipsCore in Frameworks */ = {isa = PBXBuildFile; productRef = A53A2BD02F76D54500D98101 /* ShipsCore */; };
/* End PBXBuildFile section */

/* Begin PBXContainerItemProxy section */
		A5121C262F76CDA400113BE3 /* PBXContainerItemProxy */ = {
			isa = PBXContainerItemProxy;
			containerPortal = A5121C072F76CDA300113BE3 /* Project object */;
			proxyType = 1;
			remoteGlobalIDString = A5121C0E2F76CDA300113BE3;
			remoteInfo = Ships;
		};
		A5121C302F76CDA400113BE3 /* PBXContainerItemProxy */ = {
			isa = PBXContainerItemProxy;
			containerPortal = A5121C072F76CDA300113BE3 /* Project object */;
			proxyType = 1;
			remoteGlobalIDString = A5121C0E2F76CDA300113BE3;
			remoteInfo = Ships;
		};
/* End PBXContainerItemProxy section */

/* Begin PBXFileReference section */
		A5121C0F2F76CDA300113BE3 /* Ships.app */ = {isa = PBXFileReference; explicitFileType = wrapper.application; includeInIndex = 0; path = Ships.app; sourceTree = BUILT_PRODUCTS_DIR; };
		A5121C252F76CDA400113BE3 /* ShipsTests.xctest */ = {isa = PBXFileReference; explicitFileType = wrapper.cfbundle; includeInIndex = 0; path = ShipsTests.xctest; sourceTree = BUILT_PRODUCTS_DIR; };
		A5121C2F2F76CDA400113BE3 /* ShipsUITests.xctest */ = {isa = PBXFileReference; explicitFileType = wrapper.cfbundle; includeInIndex = 0; path = ShipsUITests.xctest; sourceTree = BUILT_PRODUCTS_DIR; };
/* End PBXFileReference section */

/* Begin PBXFileSystemSynchronizedBuildFileExceptionSet section */
		A5121C372F76CDA400113BE3 /* Exceptions for "Ships" folder in "Ships" target */ = {
			isa = PBXFileSystemSynchronizedBuildFileExceptionSet;
			membershipExceptions = (
				Resources/Info.plist,
			);
			target = A5121C0E2F76CDA300113BE3 /* Ships */;
		};
		A53A2BCE2F76D53D00D98101 /* Exceptions for "Libraries" folder in "Ships" target */ = {
			isa = PBXFileSystemSynchronizedBuildFileExceptionSet;
			membershipExceptions = (
				ShipsCore,
			);
			target = A5121C0E2F76CDA300113BE3 /* Ships */;
		};
/* End PBXFileSystemSynchronizedBuildFileExceptionSet section */

/* Begin PBXFileSystemSynchronizedRootGroup section */
		A5121C112F76CDA300113BE3 /* Ships */ = {
			isa = PBXFileSystemSynchronizedRootGroup;
			exceptions = (
				A5121C372F76CDA400113BE3 /* Exceptions for "Ships" folder in "Ships" target */,
			);
			path = Ships;
			sourceTree = "<group>";
		};
		A5121C282F76CDA400113BE3 /* ShipsTests */ = {
			isa = PBXFileSystemSynchronizedRootGroup;
			path = ShipsTests;
			sourceTree = "<group>";
		};
		A5121C322F76CDA400113BE3 /* ShipsUITests */ = {
			isa = PBXFileSystemSynchronizedRootGroup;
			path = ShipsUITests;
			sourceTree = "<group>";
		};
		A53A2BCC2F76D51800D98101 /* Libraries */ = {
			isa = PBXFileSystemSynchronizedRootGroup;
			exceptions = (
				A53A2BCE2F76D53D00D98101 /* Exceptions for "Libraries" folder in "Ships" target */,
			);
			path = Libraries;
			sourceTree = "<group>";
		};
/* End PBXFileSystemSynchronizedRootGroup section */

/* Begin PBXFrameworksBuildPhase section */
		A5121C0C2F76CDA300113BE3 /* Frameworks */ = {
			isa = PBXFrameworksBuildPhase;
			buildActionMask = 2147483647;
			files = (
				A53A2BD12F76D54500D98101 /* ShipsCore in Frameworks */,
			);
			runOnlyForDeploymentPostprocessing = 0;
		};
		A5121C222F76CDA400113BE3 /* Frameworks */ = {
			isa = PBXFrameworksBuildPhase;
			buildActionMask = 2147483647;
			files = (
			);
			runOnlyForDeploymentPostprocessing = 0;
		};
		A5121C2C2F76CDA400113BE3 /* Frameworks */ = {
			isa = PBXFrameworksBuildPhase;
			buildActionMask = 2147483647;
			files = (
			);
			runOnlyForDeploymentPostprocessing = 0;
		};
/* End PBXFrameworksBuildPhase section */

/* Begin PBXGroup section */
		A5121C062F76CDA300113BE3 = {
			isa = PBXGroup;
			children = (
				A53A2BCC2F76D51800D98101 /* Libraries */,
				A5121C112F76CDA300113BE3 /* Ships */,
				A5121C282F76CDA400113BE3 /* ShipsTests */,
				A5121C322F76CDA400113BE3 /* ShipsUITests */,
				A53A2BCF2F76D54500D98101 /* Frameworks */,
				A5121C102F76CDA300113BE3 /* Products */,
			);
			sourceTree = "<group>";
		};
		A5121C102F76CDA300113BE3 /* Products */ = {
			isa = PBXGroup;
			children = (
				A5121C0F2F76CDA300113BE3 /* Ships.app */,
				A5121C252F76CDA400113BE3 /* ShipsTests.xctest */,
				A5121C2F2F76CDA400113BE3 /* ShipsUITests.xctest */,
			);
			name = Products;
			sourceTree = "<group>";
		};
		A53A2BCF2F76D54500D98101 /* Frameworks */ = {
			isa = PBXGroup;
			children = (
			);
			name = Frameworks;
			sourceTree = "<group>";
		};
/* End PBXGroup section */

/* Begin PBXNativeTarget section */
		A5121C0E2F76CDA300113BE3 /* Ships */ = {
			isa = PBXNativeTarget;
			buildConfigurationList = A5121C382F76CDA400113BE3 /* Build configuration list for PBXNativeTarget "Ships" */;
			buildPhases = (
				A5121C0B2F76CDA300113BE3 /* Sources */,
				A5121C0C2F76CDA300113BE3 /* Frameworks */,
				A5121C0D2F76CDA300113BE3 /* Resources */,
			);
			buildRules = (
			);
			dependencies = (
			);
			fileSystemSynchronizedGroups = (
				A5121C112F76CDA300113BE3 /* Ships */,
				A53A2BCC2F76D51800D98101 /* Libraries */,
			);
			name = Ships;
			packageProductDependencies = (
				A53A2BD02F76D54500D98101 /* ShipsCore */,
			);
			productName = Ships;
			productReference = A5121C0F2F76CDA300113BE3 /* Ships.app */;
			productType = "com.apple.product-type.application";
		};
		A5121C242F76CDA400113BE3 /* ShipsTests */ = {
			isa = PBXNativeTarget;
			buildConfigurationList = A5121C3D2F76CDA400113BE3 /* Build configuration list for PBXNativeTarget "ShipsTests" */;
			buildPhases = (
				A5121C212F76CDA400113BE3 /* Sources */,
				A5121C222F76CDA400113BE3 /* Frameworks */,
				A5121C232F76CDA400113BE3 /* Resources */,
			);
			buildRules = (
			);
			dependencies = (
				A5121C272F76CDA400113BE3 /* PBXTargetDependency */,
			);
			fileSystemSynchronizedGroups = (
				A5121C282F76CDA400113BE3 /* ShipsTests */,
			);
			name = ShipsTests;
			packageProductDependencies = (
			);
			productName = ShipsTests;
			productReference = A5121C252F76CDA400113BE3 /* ShipsTests.xctest */;
			productType = "com.apple.product-type.bundle.unit-test";
		};
		A5121C2E2F76CDA400113BE3 /* ShipsUITests */ = {
			isa = PBXNativeTarget;
			buildConfigurationList = A5121C402F76CDA400113BE3 /* Build configuration list for PBXNativeTarget "ShipsUITests" */;
			buildPhases = (
				A5121C2B2F76CDA400113BE3 /* Sources */,
				A5121C2C2F76CDA400113BE3 /* Frameworks */,
				A5121C2D2F76CDA400113BE3 /* Resources */,
			);
			buildRules = (
			);
			dependencies = (
				A5121C312F76CDA400113BE3 /* PBXTargetDependency */,
			);
			fileSystemSynchronizedGroups = (
				A5121C322F76CDA400113BE3 /* ShipsUITests */,
			);
			name = ShipsUITests;
			packageProductDependencies = (
			);
			productName = ShipsUITests;
			productReference = A5121C2F2F76CDA400113BE3 /* ShipsUITests.xctest */;
			productType = "com.apple.product-type.bundle.ui-testing";
		};
/* End PBXNativeTarget section */

/* Begin PBXProject section */
		A5121C072F76CDA300113BE3 /* Project object */ = {
			isa = PBXProject;
			attributes = {
				BuildIndependentTargetsInParallel = 1;
				LastSwiftUpdateCheck = 2630;
				LastUpgradeCheck = 2630;
				TargetAttributes = {
					A5121C0E2F76CDA300113BE3 = {
						CreatedOnToolsVersion = 26.3;
					};
					A5121C242F76CDA400113BE3 = {
						CreatedOnToolsVersion = 26.3;
						TestTargetID = A5121C0E2F76CDA300113BE3;
					};
					A5121C2E2F76CDA400113BE3 = {
						CreatedOnToolsVersion = 26.3;
						TestTargetID = A5121C0E2F76CDA300113BE3;
					};
				};
			};
			buildConfigurationList = A5121C0A2F76CDA300113BE3 /* Build configuration list for PBXProject "Ships" */;
			developmentRegion = en;
			hasScannedForEncodings = 0;
			knownRegions = (
				en,
				Base,
			);
			mainGroup = A5121C062F76CDA300113BE3;
			minimizedProjectReferenceProxies = 1;
			preferredProjectObjectVersion = 77;
			productRefGroup = A5121C102F76CDA300113BE3 /* Products */;
			projectDirPath = "";
			projectRoot = "";
			targets = (
				A5121C0E2F76CDA300113BE3 /* Ships */,
				A5121C242F76CDA400113BE3 /* ShipsTests */,
				A5121C2E2F76CDA400113BE3 /* ShipsUITests */,
			);
		};
/* End PBXProject section */

/* Begin PBXResourcesBuildPhase section */
		A5121C0D2F76CDA300113BE3 /* Resources */ = {
			isa = PBXResourcesBuildPhase;
			buildActionMask = 2147483647;
			files = (
			);
			runOnlyForDeploymentPostprocessing = 0;
		};
		A5121C232F76CDA400113BE3 /* Resources */ = {
			isa = PBXResourcesBuildPhase;
			buildActionMask = 2147483647;
			files = (
			);
			runOnlyForDeploymentPostprocessing = 0;
		};
		A5121C2D2F76CDA400113BE3 /* Resources */ = {
			isa = PBXResourcesBuildPhase;
			buildActionMask = 2147483647;
			files = (
			);
			runOnlyForDeploymentPostprocessing = 0;
		};
/* End PBXResourcesBuildPhase section */

/* Begin PBXSourcesBuildPhase section */
		A5121C0B2F76CDA300113BE3 /* Sources */ = {
			isa = PBXSourcesBuildPhase;
			buildActionMask = 2147483647;
			files = (
			);
			runOnlyForDeploymentPostprocessing = 0;
		};
		A5121C212F76CDA400113BE3 /* Sources */ = {
			isa = PBXSourcesBuildPhase;
			buildActionMask = 2147483647;
			files = (
			);
			runOnlyForDeploymentPostprocessing = 0;
		};
		A5121C2B2F76CDA400113BE3 /* Sources */ = {
			isa = PBXSourcesBuildPhase;
			buildActionMask = 2147483647;
			files = (
			);
			runOnlyForDeploymentPostprocessing = 0;
		};
/* End PBXSourcesBuildPhase section */

/* Begin PBXTargetDependency section */
		A5121C272F76CDA400113BE3 /* PBXTargetDependency */ = {
			isa = PBXTargetDependency;
			target = A5121C0E2F76CDA300113BE3 /* Ships */;
			targetProxy = A5121C262F76CDA400113BE3 /* PBXContainerItemProxy */;
		};
		A5121C312F76CDA400113BE3 /* PBXTargetDependency */ = {
			isa = PBXTargetDependency;
			target = A5121C0E2F76CDA300113BE3 /* Ships */;
			targetProxy = A5121C302F76CDA400113BE3 /* PBXContainerItemProxy */;
		};
/* End PBXTargetDependency section */

/* Begin XCBuildConfiguration section */
		A5121C392F76CDA400113BE3 /* Debug */ = {
			isa = XCBuildConfiguration;
			buildSettings = {
				ASSETCATALOG_COMPILER_APPICON_NAME = AppIcon;
				ASSETCATALOG_COMPILER_GLOBAL_ACCENT_COLOR_NAME = AccentColor;
				CODE_SIGN_STYLE = Automatic;
				CURRENT_PROJECT_VERSION = 1;
				GENERATE_INFOPLIST_FILE = YES;
				INFOPLIST_FILE = Ships/Resources/Info.plist;
				INFOPLIST_KEY_UIApplicationSupportsIndirectInputEvents = YES;
				INFOPLIST_KEY_UILaunchStoryboardName = LaunchScreen;
				INFOPLIST_KEY_UISupportedInterfaceOrientations_iPad = "UIInterfaceOrientationPortrait UIInterfaceOrientationPortraitUpsideDown UIInterfaceOrientationLandscapeLeft UIInterfaceOrientationLandscapeRight";
				INFOPLIST_KEY_UISupportedInterfaceOrientations_iPhone = "UIInterfaceOrientationPortrait UIInterfaceOrientationLandscapeLeft UIInterfaceOrientationLandscapeRight";
				IPHONEOS_DEPLOYMENT_TARGET = 15.0;
				LD_RUNPATH_SEARCH_PATHS = (
					"$(inherited)",
					"@executable_path/Frameworks",
				);
				MARKETING_VERSION = 1.0;
				PRODUCT_BUNDLE_IDENTIFIER = ge.spacex.Ships;
				PRODUCT_NAME = "$(TARGET_NAME)";
				STRING_CATALOG_GENERATE_SYMBOLS = YES;
				SWIFT_APPROACHABLE_CONCURRENCY = YES;
				SWIFT_DEFAULT_ACTOR_ISOLATION = MainActor;
				SWIFT_EMIT_LOC_STRINGS = YES;
				SWIFT_UPCOMING_FEATURE_MEMBER_IMPORT_VISIBILITY = YES;
				SWIFT_VERSION = 6.0;
				TARGETED_DEVICE_FAMILY = "1,2";
			};
			name = Debug;
		};
		A5121C3A2F76CDA400113BE3 /* Release */ = {
			isa = XCBuildConfiguration;
			buildSettings = {
				ASSETCATALOG_COMPILER_APPICON_NAME = AppIcon;
				ASSETCATALOG_COMPILER_GLOBAL_ACCENT_COLOR_NAME = AccentColor;
				CODE_SIGN_STYLE = Automatic;
				CURRENT_PROJECT_VERSION = 1;
				GENERATE_INFOPLIST_FILE = YES;
				INFOPLIST_FILE = Ships/Resources/Info.plist;
				INFOPLIST_KEY_UIApplicationSupportsIndirectInputEvents = YES;
				INFOPLIST_KEY_UILaunchStoryboardName = LaunchScreen;
				INFOPLIST_KEY_UISupportedInterfaceOrientations_iPad = "UIInterfaceOrientationPortrait UIInterfaceOrientationPortraitUpsideDown UIInterfaceOrientationLandscapeLeft UIInterfaceOrientationLandscapeRight";
				INFOPLIST_KEY_UISupportedInterfaceOrientations_iPhone = "UIInterfaceOrientationPortrait UIInterfaceOrientationLandscapeLeft UIInterfaceOrientationLandscapeRight";
				IPHONEOS_DEPLOYMENT_TARGET = 15.0;
				LD_RUNPATH_SEARCH_PATHS = (
					"$(inherited)",
					"@executable_path/Frameworks",
				);
				MARKETING_VERSION = 1.0;
				PRODUCT_BUNDLE_IDENTIFIER = ge.spacex.Ships;
				PRODUCT_NAME = "$(TARGET_NAME)";
				STRING_CATALOG_GENERATE_SYMBOLS = YES;
				SWIFT_APPROACHABLE_CONCURRENCY = YES;
				SWIFT_DEFAULT_ACTOR_ISOLATION = MainActor;
				SWIFT_EMIT_LOC_STRINGS = YES;
				SWIFT_UPCOMING_FEATURE_MEMBER_IMPORT_VISIBILITY = YES;
				SWIFT_VERSION = 6.0;
				TARGETED_DEVICE_FAMILY = "1,2";
			};
			name = Release;
		};
		A5121C3B2F76CDA400113BE3 /* Debug */ = {
			isa = XCBuildConfiguration;
			buildSettings = {
				ALWAYS_SEARCH_USER_PATHS = NO;
				ASSETCATALOG_COMPILER_GENERATE_SWIFT_ASSET_SYMBOL_EXTENSIONS = YES;
				CLANG_ANALYZER_NONNULL = YES;
				CLANG_ANALYZER_NUMBER_OBJECT_CONVERSION = YES_AGGRESSIVE;
				CLANG_CXX_LANGUAGE_STANDARD = "gnu++20";
				CLANG_ENABLE_MODULES = YES;
				CLANG_ENABLE_OBJC_ARC = YES;
				CLANG_ENABLE_OBJC_WEAK = YES;
				CLANG_WARN_BLOCK_CAPTURE_AUTORELEASING = YES;
				CLANG_WARN_BOOL_CONVERSION = YES;
				CLANG_WARN_COMMA = YES;
				CLANG_WARN_CONSTANT_CONVERSION = YES;
				CLANG_WARN_DEPRECATED_OBJC_IMPLEMENTATIONS = YES;
				CLANG_WARN_DIRECT_OBJC_ISA_USAGE = YES_ERROR;
				CLANG_WARN_DOCUMENTATION_COMMENTS = YES;
				CLANG_WARN_EMPTY_BODY = YES;
				CLANG_WARN_ENUM_CONVERSION = YES;
				CLANG_WARN_INFINITE_RECURSION = YES;
				CLANG_WARN_INT_CONVERSION = YES;
				CLANG_WARN_NON_LITERAL_NULL_CONVERSION = YES;
				CLANG_WARN_OBJC_IMPLICIT_RETAIN_SELF = YES;
				CLANG_WARN_OBJC_LITERAL_CONVERSION = YES;
				CLANG_WARN_OBJC_ROOT_CLASS = YES_ERROR;
				CLANG_WARN_QUOTED_INCLUDE_IN_FRAMEWORK_HEADER = YES;
				CLANG_WARN_RANGE_LOOP_ANALYSIS = YES;
				CLANG_WARN_STRICT_PROTOTYPES = YES;
				CLANG_WARN_SUSPICIOUS_MOVE = YES;
				CLANG_WARN_UNGUARDED_AVAILABILITY = YES_AGGRESSIVE;
				CLANG_WARN_UNREACHABLE_CODE = YES;
				CLANG_WARN__DUPLICATE_METHOD_MATCH = YES;
				COPY_PHASE_STRIP = NO;
				DEBUG_INFORMATION_FORMAT = dwarf;
				ENABLE_STRICT_OBJC_MSGSEND = YES;
				ENABLE_TESTABILITY = YES;
				ENABLE_USER_SCRIPT_SANDBOXING = YES;
				GCC_C_LANGUAGE_STANDARD = gnu17;
				GCC_DYNAMIC_NO_PIC = NO;
				GCC_NO_COMMON_BLOCKS = YES;
				GCC_OPTIMIZATION_LEVEL = 0;
				GCC_PREPROCESSOR_DEFINITIONS = (
					"DEBUG=1",
					"$(inherited)",
				);
				GCC_WARN_64_TO_32_BIT_CONVERSION = YES;
				GCC_WARN_ABOUT_RETURN_TYPE = YES_ERROR;
				GCC_WARN_UNDECLARED_SELECTOR = YES;
				GCC_WARN_UNINITIALIZED_AUTOS = YES_AGGRESSIVE;
				GCC_WARN_UNUSED_FUNCTION = YES;
				GCC_WARN_UNUSED_VARIABLE = YES;
				IPHONEOS_DEPLOYMENT_TARGET = 26.2;
				LOCALIZATION_PREFERS_STRING_CATALOGS = YES;
				MTL_ENABLE_DEBUG_INFO = INCLUDE_SOURCE;
				MTL_FAST_MATH = YES;
				ONLY_ACTIVE_ARCH = YES;
				SDKROOT = iphoneos;
				SWIFT_ACTIVE_COMPILATION_CONDITIONS = "DEBUG $(inherited)";
				SWIFT_OPTIMIZATION_LEVEL = "-Onone";
			};
			name = Debug;
		};
		A5121C3C2F76CDA400113BE3 /* Release */ = {
			isa = XCBuildConfiguration;
			buildSettings = {
				ALWAYS_SEARCH_USER_PATHS = NO;
				ASSETCATALOG_COMPILER_GENERATE_SWIFT_ASSET_SYMBOL_EXTENSIONS = YES;
				CLANG_ANALYZER_NONNULL = YES;
				CLANG_ANALYZER_NUMBER_OBJECT_CONVERSION = YES_AGGRESSIVE;
				CLANG_CXX_LANGUAGE_STANDARD = "gnu++20";
				CLANG_ENABLE_MODULES = YES;
				CLANG_ENABLE_OBJC_ARC = YES;
				CLANG_ENABLE_OBJC_WEAK = YES;
				CLANG_WARN_BLOCK_CAPTURE_AUTORELEASING = YES;
				CLANG_WARN_BOOL_CONVERSION = YES;
				CLANG_WARN_COMMA = YES;
				CLANG_WARN_CONSTANT_CONVERSION = YES;
				CLANG_WARN_DEPRECATED_OBJC_IMPLEMENTATIONS = YES;
				CLANG_WARN_DIRECT_OBJC_ISA_USAGE = YES_ERROR;
				CLANG_WARN_DOCUMENTATION_COMMENTS = YES;
				CLANG_WARN_EMPTY_BODY = YES;
				CLANG_WARN_ENUM_CONVERSION = YES;
				CLANG_WARN_INFINITE_RECURSION = YES;
				CLANG_WARN_INT_CONVERSION = YES;
				CLANG_WARN_NON_LITERAL_NULL_CONVERSION = YES;
				CLANG_WARN_OBJC_IMPLICIT_RETAIN_SELF = YES;
				CLANG_WARN_OBJC_LITERAL_CONVERSION = YES;
				CLANG_WARN_OBJC_ROOT_CLASS = YES_ERROR;
				CLANG_WARN_QUOTED_INCLUDE_IN_FRAMEWORK_HEADER = YES;
				CLANG_WARN_RANGE_LOOP_ANALYSIS = YES;
				CLANG_WARN_STRICT_PROTOTYPES = YES;
				CLANG_WARN_SUSPICIOUS_MOVE = YES;
				CLANG_WARN_UNGUARDED_AVAILABILITY = YES_AGGRESSIVE;
				CLANG_WARN_UNREACHABLE_CODE = YES;
				CLANG_WARN__DUPLICATE_METHOD_MATCH = YES;
				COPY_PHASE_STRIP = NO;
				DEBUG_INFORMATION_FORMAT = "dwarf-with-dsym";
				ENABLE_NS_ASSERTIONS = NO;
				ENABLE_STRICT_OBJC_MSGSEND = YES;
				ENABLE_USER_SCRIPT_SANDBOXING = YES;
				GCC_C_LANGUAGE_STANDARD = gnu17;
				GCC_NO_COMMON_BLOCKS = YES;
				GCC_WARN_64_TO_32_BIT_CONVERSION = YES;
				GCC_WARN_ABOUT_RETURN_TYPE = YES_ERROR;
				GCC_WARN_UNDECLARED_SELECTOR = YES;
				GCC_WARN_UNINITIALIZED_AUTOS = YES_AGGRESSIVE;
				GCC_WARN_UNUSED_FUNCTION = YES;
				GCC_WARN_UNUSED_VARIABLE = YES;
				IPHONEOS_DEPLOYMENT_TARGET = 26.2;
				LOCALIZATION_PREFERS_STRING_CATALOGS = YES;
				MTL_ENABLE_DEBUG_INFO = NO;
				MTL_FAST_MATH = YES;
				SDKROOT = iphoneos;
				SWIFT_COMPILATION_MODE = wholemodule;
				VALIDATE_PRODUCT = YES;
			};
			name = Release;
		};
		A5121C3E2F76CDA400113BE3 /* Debug */ = {
			isa = XCBuildConfiguration;
			buildSettings = {
				BUNDLE_LOADER = "$(TEST_HOST)";
				CODE_SIGN_STYLE = Automatic;
				CURRENT_PROJECT_VERSION = 1;
				GENERATE_INFOPLIST_FILE = YES;
				IPHONEOS_DEPLOYMENT_TARGET = 26.2;
				MARKETING_VERSION = 1.0;
				PRODUCT_BUNDLE_IDENTIFIER = ge.spacex.ShipsTests;
				PRODUCT_NAME = "$(TARGET_NAME)";
				STRING_CATALOG_GENERATE_SYMBOLS = NO;
				SWIFT_APPROACHABLE_CONCURRENCY = YES;
				SWIFT_EMIT_LOC_STRINGS = NO;
				SWIFT_UPCOMING_FEATURE_MEMBER_IMPORT_VISIBILITY = YES;
				SWIFT_VERSION = 5.0;
				TARGETED_DEVICE_FAMILY = "1,2";
				TEST_HOST = "$(BUILT_PRODUCTS_DIR)/Ships.app/$(BUNDLE_EXECUTABLE_FOLDER_PATH)/Ships";
			};
			name = Debug;
		};
		A5121C3F2F76CDA400113BE3 /* Release */ = {
			isa = XCBuildConfiguration;
			buildSettings = {
				BUNDLE_LOADER = "$(TEST_HOST)";
				CODE_SIGN_STYLE = Automatic;
				CURRENT_PROJECT_VERSION = 1;
				GENERATE_INFOPLIST_FILE = YES;
				IPHONEOS_DEPLOYMENT_TARGET = 26.2;
				MARKETING_VERSION = 1.0;
				PRODUCT_BUNDLE_IDENTIFIER = ge.spacex.ShipsTests;
				PRODUCT_NAME = "$(TARGET_NAME)";
				STRING_CATALOG_GENERATE_SYMBOLS = NO;
				SWIFT_APPROACHABLE_CONCURRENCY = YES;
				SWIFT_EMIT_LOC_STRINGS = NO;
				SWIFT_UPCOMING_FEATURE_MEMBER_IMPORT_VISIBILITY = YES;
				SWIFT_VERSION = 5.0;
				TARGETED_DEVICE_FAMILY = "1,2";
				TEST_HOST = "$(BUILT_PRODUCTS_DIR)/Ships.app/$(BUNDLE_EXECUTABLE_FOLDER_PATH)/Ships";
			};
			name = Release;
		};
		A5121C412F76CDA400113BE3 /* Debug */ = {
			isa = XCBuildConfiguration;
			buildSettings = {
				CODE_SIGN_STYLE = Automatic;
				CURRENT_PROJECT_VERSION = 1;
				GENERATE_INFOPLIST_FILE = YES;
				MARKETING_VERSION = 1.0;
				PRODUCT_BUNDLE_IDENTIFIER = ge.spacex.ShipsUITests;
				PRODUCT_NAME = "$(TARGET_NAME)";
				STRING_CATALOG_GENERATE_SYMBOLS = NO;
				SWIFT_APPROACHABLE_CONCURRENCY = YES;
				SWIFT_EMIT_LOC_STRINGS = NO;
				SWIFT_UPCOMING_FEATURE_MEMBER_IMPORT_VISIBILITY = YES;
				SWIFT_VERSION = 5.0;
				TARGETED_DEVICE_FAMILY = "1,2";
				TEST_TARGET_NAME = Ships;
			};
			name = Debug;
		};
		A5121C422F76CDA400113BE3 /* Release */ = {
			isa = XCBuildConfiguration;
			buildSettings = {
				CODE_SIGN_STYLE = Automatic;
				CURRENT_PROJECT_VERSION = 1;
				GENERATE_INFOPLIST_FILE = YES;
				MARKETING_VERSION = 1.0;
				PRODUCT_BUNDLE_IDENTIFIER = ge.spacex.ShipsUITests;
				PRODUCT_NAME = "$(TARGET_NAME)";
				STRING_CATALOG_GENERATE_SYMBOLS = NO;
				SWIFT_APPROACHABLE_CONCURRENCY = YES;
				SWIFT_EMIT_LOC_STRINGS = NO;
				SWIFT_UPCOMING_FEATURE_MEMBER_IMPORT_VISIBILITY = YES;
				SWIFT_VERSION = 5.0;
				TARGETED_DEVICE_FAMILY = "1,2";
				TEST_TARGET_NAME = Ships;
			};
			name = Release;
		};
/* End XCBuildConfiguration section */

/* Begin XCConfigurationList section */
		A5121C0A2F76CDA300113BE3 /* Build configuration list for PBXProject "Ships" */ = {
			isa = XCConfigurationList;
			buildConfigurations = (
				A5121C3B2F76CDA400113BE3 /* Debug */,
				A5121C3C2F76CDA400113BE3 /* Release */,
			);
			defaultConfigurationIsVisible = 0;
			defaultConfigurationName = Release;
		};
		A5121C382F76CDA400113BE3 /* Build configuration list for PBXNativeTarget "Ships" */ = {
			isa = XCConfigurationList;
			buildConfigurations = (
				A5121C392F76CDA400113BE3 /* Debug */,
				A5121C3A2F76CDA400113BE3 /* Release */,
			);
			defaultConfigurationIsVisible = 0;
			defaultConfigurationName = Release;
		};
		A5121C3D2F76CDA400113BE3 /* Build configuration list for PBXNativeTarget "ShipsTests" */ = {
			isa = XCConfigurationList;
			buildConfigurations = (
				A5121C3E2F76CDA400113BE3 /* Debug */,
				A5121C3F2F76CDA400113BE3 /* Release */,
			);
			defaultConfigurationIsVisible = 0;
			defaultConfigurationName = Release;
		};
		A5121C402F76CDA400113BE3 /* Build configuration list for PBXNativeTarget "ShipsUITests" */ = {
			isa = XCConfigurationList;
			buildConfigurations = (
				A5121C412F76CDA400113BE3 /* Debug */,
				A5121C422F76CDA400113BE3 /* Release */,
			);
			defaultConfigurationIsVisible = 0;
			defaultConfigurationName = Release;
		};
/* End XCConfigurationList section */

/* Begin XCSwiftPackageProductDependency section */
		A53A2BD02F76D54500D98101 /* ShipsCore */ = {
			isa = XCSwiftPackageProductDependency;
			productName = ShipsCore;
		};
/* End XCSwiftPackageProductDependency section */
	};
	rootObject = A5121C072F76CDA300113BE3 /* Project object */;
}
